{
 "graph_lock": {
  "nodes": {
   "0": {
    "options": "http_parser:fPIC=True\nhttp_parser:shared=False",
    "requires": [
     "1"
    ],
    "path": "conanfile.txt",
    "context": "host"
   },
   "1": {
    "ref": "http_parser/2.9.4",
    "options": "fPIC=True\nshared=False",
    "package_id": "a7d10f8ef501095831af5963d116fbc85c9001c6",
    "prev": "0",
    "context": "host"
   }
  },
  "revisions_enabled": false
 },
 "version": "0.4",
 "profile_host": "[settings]\narch=x86_64\narch_build=x86_64\nbuild_type=Release\ncompiler=clang\ncompiler.libcxx=libstdc++\ncompiler.version=12\nos=Macos\nos_build=Macos\n[options]\n[build_requires]\n[env]\nCC=/Applications/Xcode.app/Contents/Developer/Toolchains/XcodeDefault.xctoolchain/usr/bin/clang\nCXX=/Applications/Xcode.app/Contents/Developer/Toolchains/XcodeDefault.xctoolchain/usr/bin/clang++"
}